
Microsoft Visual Studio Solution File, Format Version 12.00
# Visual Studio 15
VisualStudioVersion = 15.0.28307.1525
MinimumVisualStudioVersion = 10.0.40219.1
Project("{8BC9CEB8-8B4A-11D0-8D11-00A0C91BC942}") = "CarController", "CarController\CarController.vcxproj", "{4F3AAAF8-5D0D-4C2D-9306-991260CF762D}"
EndProject
Project("{8BC9CEB8-8B4A-11D0-8D11-00A0C91BC942}") = "Share", "Share\Share.vcxitems", "{3AC4E857-B455-4E34-84B9-3833909F9BB9}"
EndProject
Project("{8BC9CEB8-8B4A-11D0-8D11-00A0C91BC942}") = "TinyROSDevLinux", "TinyROSDevLinux\TinyROSDevLinux.vcxproj", "{4B73BF87-20CA-44CD-815F-C560E55AF53E}"
EndProject
Project("{8BC9CEB8-8B4A-11D0-8D11-00A0C91BC942}") = "RoutePlanning", "RoutePlanning\RoutePlanning.vcxproj", "{2AD608E7-24C2-45D6-9290-AADE79492F67}"
EndProject
Global
	GlobalSection(SharedMSBuildProjectFiles) = preSolution
		Share\Share.vcxitems*{3ac4e857-b455-4e34-84b9-3833909f9bb9}*SharedItemsImports = 9
		Share\Share.vcxitems*{4f3aaaf8-5d0d-4c2d-9306-991260cf762d}*SharedItemsImports = 4
	EndGlobalSection
	GlobalSection(SolutionConfigurationPlatforms) = preSolution
		Debug|ARM = Debug|ARM
		Debug|ARM64 = Debug|ARM64
		Debug|x64 = Debug|x64
		Debug|x86 = Debug|x86
		Release|ARM = Release|ARM
		Release|ARM64 = Release|ARM64
		Release|x64 = Release|x64
		Release|x86 = Release|x86
	EndGlobalSection
	GlobalSection(ProjectConfigurationPlatforms) = postSolution
		{4F3AAAF8-5D0D-4C2D-9306-991260CF762D}.Debug|ARM.ActiveCfg = Debug|ARM
		{4F3AAAF8-5D0D-4C2D-9306-991260CF762D}.Debug|ARM.Build.0 = Debug|ARM
		{4F3AAAF8-5D0D-4C2D-9306-991260CF762D}.Debug|ARM.Deploy.0 = Debug|ARM
		{4F3AAAF8-5D0D-4C2D-9306-991260CF762D}.Debug|ARM64.ActiveCfg = Debug|ARM64
		{4F3AAAF8-5D0D-4C2D-9306-991260CF762D}.Debug|ARM64.Build.0 = Debug|ARM64
		{4F3AAAF8-5D0D-4C2D-9306-991260CF762D}.Debug|ARM64.Deploy.0 = Debug|ARM64
		{4F3AAAF8-5D0D-4C2D-9306-991260CF762D}.Debug|x64.ActiveCfg = Debug|x64
		{4F3AAAF8-5D0D-4C2D-9306-991260CF762D}.Debug|x64.Build.0 = Debug|x64
		{4F3AAAF8-5D0D-4C2D-9306-991260CF762D}.Debug|x64.Deploy.0 = Debug|x64
		{4F3AAAF8-5D0D-4C2D-9306-991260CF762D}.Debug|x86.ActiveCfg = Debug|x86
		{4F3AAAF8-5D0D-4C2D-9306-991260CF762D}.Debug|x86.Build.0 = Debug|x86
		{4F3AAAF8-5D0D-4C2D-9306-991260CF762D}.Debug|x86.Deploy.0 = Debug|x86
		{4F3AAAF8-5D0D-4C2D-9306-991260CF762D}.Release|ARM.ActiveCfg = Release|ARM
		{4F3AAAF8-5D0D-4C2D-9306-991260CF762D}.Release|ARM.Build.0 = Release|ARM
		{4F3AAAF8-5D0D-4C2D-9306-991260CF762D}.Release|ARM.Deploy.0 = Release|ARM
		{4F3AAAF8-5D0D-4C2D-9306-991260CF762D}.Release|ARM64.ActiveCfg = Release|ARM64
		{4F3AAAF8-5D0D-4C2D-9306-991260CF762D}.Release|ARM64.Build.0 = Release|ARM64
		{4F3AAAF8-5D0D-4C2D-9306-991260CF762D}.Release|ARM64.Deploy.0 = Release|ARM64
		{4F3AAAF8-5D0D-4C2D-9306-991260CF762D}.Release|x64.ActiveCfg = Release|x64
		{4F3AAAF8-5D0D-4C2D-9306-991260CF762D}.Release|x64.Build.0 = Release|x64
		{4F3AAAF8-5D0D-4C2D-9306-991260CF762D}.Release|x64.Deploy.0 = Release|x64
		{4F3AAAF8-5D0D-4C2D-9306-991260CF762D}.Release|x86.ActiveCfg = Release|x86
		{4F3AAAF8-5D0D-4C2D-9306-991260CF762D}.Release|x86.Build.0 = Release|x86
		{4F3AAAF8-5D0D-4C2D-9306-991260CF762D}.Release|x86.Deploy.0 = Release|x86
		{4B73BF87-20CA-44CD-815F-C560E55AF53E}.Debug|ARM.ActiveCfg = Debug|ARM
		{4B73BF87-20CA-44CD-815F-C560E55AF53E}.Debug|ARM.Build.0 = Debug|ARM
		{4B73BF87-20CA-44CD-815F-C560E55AF53E}.Debug|ARM.Deploy.0 = Debug|ARM
		{4B73BF87-20CA-44CD-815F-C560E55AF53E}.Debug|ARM64.ActiveCfg = Debug|ARM64
		{4B73BF87-20CA-44CD-815F-C560E55AF53E}.Debug|ARM64.Build.0 = Debug|ARM64
		{4B73BF87-20CA-44CD-815F-C560E55AF53E}.Debug|ARM64.Deploy.0 = Debug|ARM64
		{4B73BF87-20CA-44CD-815F-C560E55AF53E}.Debug|x64.ActiveCfg = Debug|x64
		{4B73BF87-20CA-44CD-815F-C560E55AF53E}.Debug|x64.Build.0 = Debug|x64
		{4B73BF87-20CA-44CD-815F-C560E55AF53E}.Debug|x64.Deploy.0 = Debug|x64
		{4B73BF87-20CA-44CD-815F-C560E55AF53E}.Debug|x86.ActiveCfg = Debug|x86
		{4B73BF87-20CA-44CD-815F-C560E55AF53E}.Debug|x86.Build.0 = Debug|x86
		{4B73BF87-20CA-44CD-815F-C560E55AF53E}.Debug|x86.Deploy.0 = Debug|x86
		{4B73BF87-20CA-44CD-815F-C560E55AF53E}.Release|ARM.ActiveCfg = Release|ARM
		{4B73BF87-20CA-44CD-815F-C560E55AF53E}.Release|ARM.Build.0 = Release|ARM
		{4B73BF87-20CA-44CD-815F-C560E55AF53E}.Release|ARM.Deploy.0 = Release|ARM
		{4B73BF87-20CA-44CD-815F-C560E55AF53E}.Release|ARM64.ActiveCfg = Release|ARM64
		{4B73BF87-20CA-44CD-815F-C560E55AF53E}.Release|ARM64.Build.0 = Release|ARM64
		{4B73BF87-20CA-44CD-815F-C560E55AF53E}.Release|ARM64.Deploy.0 = Release|ARM64
		{4B73BF87-20CA-44CD-815F-C560E55AF53E}.Release|x64.ActiveCfg = Release|x64
		{4B73BF87-20CA-44CD-815F-C560E55AF53E}.Release|x64.Build.0 = Release|x64
		{4B73BF87-20CA-44CD-815F-C560E55AF53E}.Release|x64.Deploy.0 = Release|x64
		{4B73BF87-20CA-44CD-815F-C560E55AF53E}.Release|x86.ActiveCfg = Release|x86
		{4B73BF87-20CA-44CD-815F-C560E55AF53E}.Release|x86.Build.0 = Release|x86
		{4B73BF87-20CA-44CD-815F-C560E55AF53E}.Release|x86.Deploy.0 = Release|x86
		{2AD608E7-24C2-45D6-9290-AADE79492F67}.Debug|ARM.ActiveCfg = Debug|Win32
		{2AD608E7-24C2-45D6-9290-AADE79492F67}.Debug|ARM64.ActiveCfg = Debug|Win32
		{2AD608E7-24C2-45D6-9290-AADE79492F67}.Debug|x64.ActiveCfg = Debug|x64
		{2AD608E7-24C2-45D6-9290-AADE79492F67}.Debug|x64.Build.0 = Debug|x64
		{2AD608E7-24C2-45D6-9290-AADE79492F67}.Debug|x86.ActiveCfg = Debug|Win32
		{2AD608E7-24C2-45D6-9290-AADE79492F67}.Debug|x86.Build.0 = Debug|Win32
		{2AD608E7-24C2-45D6-9290-AADE79492F67}.Release|ARM.ActiveCfg = Release|Win32
		{2AD608E7-24C2-45D6-9290-AADE79492F67}.Release|ARM64.ActiveCfg = Release|Win32
		{2AD608E7-24C2-45D6-9290-AADE79492F67}.Release|x64.ActiveCfg = Release|x64
		{2AD608E7-24C2-45D6-9290-AADE79492F67}.Release|x64.Build.0 = Release|x64
		{2AD608E7-24C2-45D6-9290-AADE79492F67}.Release|x86.ActiveCfg = Release|Win32
		{2AD608E7-24C2-45D6-9290-AADE79492F67}.Release|x86.Build.0 = Release|Win32
	EndGlobalSection
	GlobalSection(SolutionProperties) = preSolution
		HideSolutionNode = FALSE
	EndGlobalSection
	GlobalSection(ExtensibilityGlobals) = postSolution
		SolutionGuid = {06497D26-C7CD-4AD0-8F5E-15F04BA1CE50}
	EndGlobalSection
EndGlobal
